{
  "name": "homethermostatprocesstemperaturestream",
  "version": "2.0.0",
  "lockfileVersion": 3,
  "requires": true,
  "packages": {
    "": {
      "name": "homethermostatprocesstemperaturestream",
      "version": "2.0.0",
      "license": "Apache-2.0",
      "devDependencies": {
        "@types/aws-lambda": "^8.10.92"
      }
    },
    "node_modules/@types/aws-lambda": {
      "version": "8.10.155",
      "resolved": "https://registry.npmjs.org/@types/aws-lambda/-/aws-lambda-8.10.155.tgz",
      "integrity": "sha512-wd1XgoL0gy/ybo7WozUKQBd+IOgUkdfG6uUGI0fQOTEq06FBFdO7tmPDSxgjkFkl8GlfApvk5TvqZlAl0g+Lbg==",
      "dev": true,
      "license": "MIT"
    }
  }
}
